version = 1
revision = 3
requires-python = ">=3.12"
resolution-markers = [
    "sys_platform == 'darwin'",
    "sys_platform == 'linux'",
    "sys_platform != 'darwin' and sys_platform != 'linux'",
]

[manifest]
members = [
    "mlx-lattice",
    "mlx-lattice-cuda13",
]

[[package]]
name = "cmake"
version = "4.3.2"
source = { registry = "https://pypi.org/simple" }
sdist = { url = "https://files.pythonhosted.org/packages/76/07/f1d6f7bcf056a139352cc2972f92a92005ac0ee98103165b1f620873b196/cmake-4.3.2.tar.gz", hash = "sha256:5f47f5f00910c474662d09a0516413c6e9750bde73cdc52dea3988102a274e06", size = 36969, upload-time = "2026-04-23T21:51:35.982Z" }
wheels = [
    { url = "https://files.pythonhosted.org/packages/82/15/4c8980d5ceef53f0c490425f5b8e47f3ff863348400b0ea5ba4e349119f1/cmake-4.3.2-py3-none-macosx_10_10_universal2.whl", hash = "sha256:f8f570813753ed4564928cf45c4c13c31e46b3e66b1a07fe695cb9f7b7af185e", size = 52883814, upload-time = "2026-04-23T21:50:16.764Z" },
    { url = "https://files.pythonhosted.org/packages/bc/50/2f336143dbcf5eca7c2d7e86273a84ef60231a0b7cfa33143d964c62f250/cmake-4.3.2-py3-none-manylinux2014_aarch64.manylinux_2_17_aarch64.whl", hash = "sha256:ca739ab0d8960261fdb1bb6e1e6c16b9cd033ae0a98341483cc233ba7c81b22b", size = 29578008, upload-time = "2026-04-23T21:50:21.965Z" },
    { url = "https://files.pythonhosted.org/packages/52/e9/4b571a24924b5bdbd5c0b0fbb0b6b1008eb6472ceb9f23bca9e08e09632e/cmake-4.3.2-py3-none-manylinux2014_i686.manylinux_2_17_i686.whl", hash = "sha256:2b81038453a40aed73f8d28185c4c3ef43c3a91a7ff1577ce08e498769ecfe16", size = 30676971, upload-time = "2026-04-23T21:50:25.395Z" },
    { url = "https://files.pythonhosted.org/packages/a1/d4/87f91ba2030c862a27a5b2df42e4e80d3244910acd10aa4cdcd0111820a9/cmake-4.3.2-py3-none-manylinux2014_ppc64le.manylinux_2_17_ppc64le.whl", hash = "sha256:8add046a4ef7c606d8e0a444050415054c7da3b8535b2c8ce1f03e265dda098d", size = 30462837, upload-time = "2026-04-23T21:50:28.785Z" },
    { url = "https://files.pythonhosted.org/packages/21/ee/5475cd861db5e8e22fd6b3fd323a67f8f62df487163f72bc281739309bcf/cmake-4.3.2-py3-none-manylinux2014_s390x.manylinux_2_17_s390x.whl", hash = "sha256:7105a5411bbc405242677d29222812028566aafac3f78fda08c1717f03e5ca2a", size = 28377235, upload-time = "2026-04-23T21:50:32.144Z" },
    { url = "https://files.pythonhosted.org/packages/63/cd/1008be054420fd759b73d3328326d047ea693c3910a55cb2a597d911baee/cmake-4.3.2-py3-none-manylinux2014_x86_64.manylinux_2_17_x86_64.whl", hash = "sha256:339655b93289c1b03c6a72523d46d3b0d19dc51406d3a90f8eefcbec525cb271", size = 29512079, upload-time = "2026-04-23T21:50:36.295Z" },
    { url = "https://files.pythonhosted.org/packages/13/c4/e7c3649c4941927aff24c464090c4ce7f1f24167077f1b8aff3994def88d/cmake-4.3.2-py3-none-manylinux_2_31_armv7l.whl", hash = "sha256:ea95db137fd27f420d5e149c41e1f7621e786869afa3ca0fe18301df9e066607", size = 26628649, upload-time = "2026-04-23T21:50:40.047Z" },
    { url = "https://files.pythonhosted.org/packages/5a/05/ee3b002e0e7303a36e1f3c52e18d004fe089076a0e7b38df5e64a2328e88/cmake-4.3.2-py3-none-manylinux_2_31_riscv64.whl", hash = "sha256:3947bc5973ca3846c76486993abd0fba0cb9119300d58ed9173a672d1eef505b", size = 26769012, upload-time = "2026-04-23T21:50:44.237Z" },
    { url = "https://files.pythonhosted.org/packages/4d/a6/4e42625ce96197ffd72bb6a0e9c02d64506ee3075dd801219bb44fd9dcf7/cmake-4.3.2-py3-none-musllinux_1_2_aarch64.whl", hash = "sha256:bc316be89fa43c265697c3b9ffcebde977bcc4515974372cc460c974f458ff98", size = 38595561, upload-time = "2026-04-23T21:50:48.601Z" },
    { url = "https://files.pythonhosted.org/packages/bd/5b/80ab6fa7aceff0af186a844b6a53c3022e9775467804a1ce2ec3aafb02b3/cmake-4.3.2-py3-none-musllinux_1_2_armv7l.whl", hash = "sha256:d10648929eb3294449ceae7a7c0b9714ca445280ddc25c209f427e7a07c6f3a9", size = 35226159, upload-time = "2026-04-23T21:50:53.968Z" },
    { url = "https://files.pythonhosted.org/packages/10/e3/73fc202fb943221a7ce78a5374c7a73093d26af85378ddab9c04586dc98b/cmake-4.3.2-py3-none-musllinux_1_2_i686.whl", hash = "sha256:a69e629e6cd973e1f9b11d247d116acb47b35cdd8e39aee4b04b9040851cd8a0", size = 41262833, upload-time = "2026-04-23T21:50:59.402Z" },
    { url = "https://files.pythonhosted.org/packages/c4/d3/3ef79820bfbcd5b51ef3b8029fc9c96da363daa11aae02ddd82df08fa446/cmake-4.3.2-py3-none-musllinux_1_2_ppc64le.whl", hash = "sha256:95e0ff31a692d12130f33d1467d0074f8314cf3a79940694896de9367b6e4fae", size = 40437896, upload-time = "2026-04-23T21:51:04.304Z" },
    { url = "https://files.pythonhosted.org/packages/f9/a8/8a1147fa26a3c1564bf654b744baeb2b8c0efccfde04190d3f9222c27bde/cmake-4.3.2-py3-none-musllinux_1_2_riscv64.whl", hash = "sha256:67775407b963385a7942dd56f0567ef3c75453c6336654aeafe43165d78648bb", size = 35492662, upload-time = "2026-04-23T21:51:08.982Z" },
    { url = "https://files.pythonhosted.org/packages/78/96/42a744beb4c9f6e459f1a57162f391a9941f31850048fc461e88095f98da/cmake-4.3.2-py3-none-musllinux_1_2_s390x.whl", hash = "sha256:aae70bb95762f6da20131cf72da6322557ff6784968755d201d42a44cd9494e5", size = 37723238, upload-time = "2026-04-23T21:51:13.595Z" },
    { url = "https://files.pythonhosted.org/packages/06/4c/513a73685feef886c824982b6618bb3cc7e7ac8579b34f1fe043bce11af5/cmake-4.3.2-py3-none-musllinux_1_2_x86_64.whl", hash = "sha256:b1c5c292b1189e48d01f0bed01ed800c31eed967afd033c4beabff9cc97209f2", size = 38554155, upload-time = "2026-04-23T21:51:18.153Z" },
    { url = "https://files.pythonhosted.org/packages/14/aa/35b387f6cc0990247195109b04523a1c05dbb4f0fd0bae28e7f34c4a1e6f/cmake-4.3.2-py3-none-win32.whl", hash = "sha256:3c55f0c61c70642d9e7f6b4fc638622027f045b388e357d74efcca4a7111e4aa", size = 37819702, upload-time = "2026-04-23T21:51:22.933Z" },
    { url = "https://files.pythonhosted.org/packages/96/8d/7ceb7223d274e88d621ce00f2160ae74aead18a3d36f61b8fb52cbe6b7ca/cmake-4.3.2-py3-none-win_amd64.whl", hash = "sha256:78049aac277aabe376d8e82993f0be234d086d0e8ad4708755d5a209a04e1138", size = 41272507, upload-time = "2026-04-23T21:51:27.93Z" },
    { url = "https://files.pythonhosted.org/packages/69/4f/fa4da5330b63d5ce7909892005eced21d1fca58d022ed6b40f216f6f6c52/cmake-4.3.2-py3-none-win_arm64.whl", hash = "sha256:b218d636a99fa0eb23713d37d3e3c3a9c0e707e0579b46780ff908acef229386", size = 39613878, upload-time = "2026-04-23T21:51:33.041Z" },
]

[[package]]
name = "colorama"
version = "0.4.6"
source = { registry = "https://pypi.org/simple" }
sdist = { url = "https://files.pythonhosted.org/packages/d8/53/6f443c9a4a8358a93a6792e2acffb9d9d5cb0a5cfd8802644b7b1c9a02e4/colorama-0.4.6.tar.gz", hash = "sha256:08695f5cb7ed6e0531a20572697297273c47b8cae5a63ffc6d6ed5c201be6e44", size = 27697, upload-time = "2022-10-25T02:36:22.414Z" }
wheels = [
    { url = "https://files.pythonhosted.org/packages/d1/d6/3965ed04c63042e047cb6a3e6ed1a63a35087b6a609aa3a15ed8ac56c221/colorama-0.4.6-py2.py3-none-any.whl", hash = "sha256:4f1d9991f5acc0ca119f9d443620b77f9d6b33703e51011c16baf57afb285fc6", size = 25335, upload-time = "2022-10-25T02:36:20.889Z" },
]

[[package]]
name = "iniconfig"
version = "2.3.0"
source = { registry = "https://pypi.org/simple" }
sdist = { url = "https://files.pythonhosted.org/packages/72/34/14ca021ce8e5dfedc35312d08ba8bf51fdd999c576889fc2c24cb97f4f10/iniconfig-2.3.0.tar.gz", hash = "sha256:c76315c77db068650d49c5b56314774a7804df16fee4402c1f19d6d15d8c4730", size = 20503, upload-time = "2025-10-18T21:55:43.219Z" }
wheels = [
    { url = "https://files.pythonhosted.org/packages/cb/b1/3846dd7f199d53cb17f49cba7e651e9ce294d8497c8c150530ed11865bb8/iniconfig-2.3.0-py3-none-any.whl", hash = "sha256:f631c04d2c48c52b84d0d0549c99ff3859c98df65b3101406327ecc7d53fbf12", size = 7484, upload-time = "2025-10-18T21:55:41.639Z" },
]

[[package]]
name = "mlx"
version = "0.31.1"
source = { registry = "https://pypi.org/simple" }
resolution-markers = [
    "sys_platform == 'linux'",
]
wheels = [
    { url = "https://files.pythonhosted.org/packages/55/f7/dcc129228faab4d406041d91413c5999250ab79da6fe5417ac84f1616ff1/mlx-0.31.1-cp312-cp312-manylinux_2_35_aarch64.whl", hash = "sha256:1ed1991c8e39f841d5756c0c543beb819763a2f80fba3f4b150bc6cad4d973de", size = 626439, upload-time = "2026-03-12T02:16:14.741Z" },
    { url = "https://files.pythonhosted.org/packages/90/1d/8b32e46ea98ab5c1c15cf1b37ac97af651977f84e72e1800412a700c51d9/mlx-0.31.1-cp312-cp312-manylinux_2_35_x86_64.whl", hash = "sha256:195c5cb27328380287c0ffe9ef48f860ab75ec5d3dfce153d475dc2c99369708", size = 668679, upload-time = "2026-03-12T02:16:16.012Z" },
    { url = "https://files.pythonhosted.org/packages/df/05/eb29e9eb0cff9c7dfd872e26663e6e9512629730740e1db629086c80ac5a/mlx-0.31.1-cp313-cp313-manylinux_2_35_aarch64.whl", hash = "sha256:9dc564a8b38b9aec279a1c7d34551068b1cc1f8e43b5ac044b56b2a9a4205195", size = 626558, upload-time = "2026-03-12T02:16:21.652Z" },
    { url = "https://files.pythonhosted.org/packages/25/45/ecb746fbb6acb75d03760e41cc7bd21c2e2b544528b3033f7d70402334ac/mlx-0.31.1-cp313-cp313-manylinux_2_35_x86_64.whl", hash = "sha256:78f51ab929278366006ee7793dbb5c942b121542c793c33eb9b894a2ce8e27e1", size = 668625, upload-time = "2026-03-12T02:16:23.103Z" },
    { url = "https://files.pythonhosted.org/packages/a2/91/85c73f7cc3a661416d05315623458c719eda7de958b05f4e10ba40c52d07/mlx-0.31.1-cp314-cp314-manylinux_2_35_aarch64.whl", hash = "sha256:b973506fd49ba39df6dc4ff655b77bd35ea193cee878e71d6ee3d1a951d2b3a6", size = 628701, upload-time = "2026-03-12T02:16:28.949Z" },
    { url = "https://files.pythonhosted.org/packages/7d/e9/d87638e00a44dcf346fe838caaf1e2dae96a88d5779edbd66ce27d4bbdcc/mlx-0.31.1-cp314-cp314-manylinux_2_35_x86_64.whl", hash = "sha256:3987282a1e63252bdd7c636138812c67316c3f7c7a7acad08e76c8843648a056", size = 668959, upload-time = "2026-03-12T02:16:30.41Z" },
]

[package.optional-dependencies]
cpu = [
    { name = "mlx-cpu", marker = "sys_platform == 'linux'" },
]
cuda13 = [
    { name = "mlx-cuda-13", marker = "sys_platform == 'linux'" },
]

[[package]]
name = "mlx"
version = "0.31.2"
source = { registry = "https://pypi.org/simple" }
resolution-markers = [
    "sys_platform == 'darwin'",
]
dependencies = [
    { name = "mlx-metal", marker = "sys_platform == 'darwin'" },
]
wheels = [
    { url = "https://files.pythonhosted.org/packages/c3/47/5f33906cb03d6a378a697cd2d2641a26b37dea17ee3d9124d7e39e8eca01/mlx-0.31.2-cp312-cp312-macosx_14_0_arm64.whl", hash = "sha256:e5067aaf2be1f3d7bba5be52348775804f111173c1ed04639618fd713b1a530f", size = 584863, upload-time = "2026-04-22T03:14:38.211Z" },
    { url = "https://files.pythonhosted.org/packages/08/e7/a851a451b1327af9fb4df3991b9ae87d066b6f6630e854af55c288b0995a/mlx-0.31.2-cp312-cp312-macosx_15_0_arm64.whl", hash = "sha256:edb9797db7d852477ca1c99708058654ee860d4148fe5765f0d55528e2b1aa22", size = 584860, upload-time = "2026-04-22T03:14:39.746Z" },
    { url = "https://files.pythonhosted.org/packages/3b/15/0d1dc0597644e5e7b011ca954ba0c47e13cd880a3b909b0c3f1b4d8bf8f1/mlx-0.31.2-cp312-cp312-macosx_26_0_arm64.whl", hash = "sha256:51ca102db641b01e7cb083ce8ecb580e281530a141a7ca12544bb370641630ae", size = 584887, upload-time = "2026-04-22T03:14:41.585Z" },
    { url = "https://files.pythonhosted.org/packages/a3/3f/888f8664d4f8e23a1363a5f50024be5216e199ab7ad0ba20988c7ed6d729/mlx-0.31.2-cp313-cp313-macosx_14_0_arm64.whl", hash = "sha256:1b3fb0dda955b0d552ce57bdd6f42b3309ab21b067e40587d6848443d307e91f", size = 584796, upload-time = "2026-04-22T03:14:47.215Z" },
    { url = "https://files.pythonhosted.org/packages/dd/14/e9cd18b51f9e1dbcb060eec0fafc2d2428c8e1eacd9b0a02d7c5ce75b661/mlx-0.31.2-cp313-cp313-macosx_15_0_arm64.whl", hash = "sha256:34b0171cd9eb5c43fdd82091f6135d6ccc5a065363a4a3e68fac64fb4e53d37c", size = 584790, upload-time = "2026-04-22T03:14:48.519Z" },
    { url = "https://files.pythonhosted.org/packages/ca/20/c6c5fb998c7834d094b2bfb9f003b5246cb270f0266da055c55546c34999/mlx-0.31.2-cp313-cp313-macosx_26_0_arm64.whl", hash = "sha256:c05981684279a8935d58b0dde3ea5b02d210c3bad3319aa0e9934ec2df165752", size = 584795, upload-time = "2026-04-22T03:14:49.904Z" },
    { url = "https://files.pythonhosted.org/packages/8b/f5/e63f6a9316ded2d14a8ebc7a9ca25734c784e8c54d064a78b4dceeacec0e/mlx-0.31.2-cp314-cp314-macosx_14_0_arm64.whl", hash = "sha256:a13c9ce23c3deef6aa5a09315e7953e1a5dc311e851fa16fc74c81fb2509c0b9", size = 588417, upload-time = "2026-04-22T03:14:54.094Z" },
    { url = "https://files.pythonhosted.org/packages/31/50/9d0c03ea3134cd85c132df7b0e4b75e6344bd8b4881a0b9c465cfa27f724/mlx-0.31.2-cp314-cp314-macosx_15_0_arm64.whl", hash = "sha256:b0764bf11fc3a71dee988e19275eef67775cab63112d8bb7ef173ca8b2a1247c", size = 588421, upload-time = "2026-04-22T03:14:55.898Z" },
    { url = "https://files.pythonhosted.org/packages/ef/5b/d364cc793bcb504621313acb55627cf0d5403ab2e0a594aa081cdbe4591f/mlx-0.31.2-cp314-cp314-macosx_26_0_arm64.whl", hash = "sha256:59ccbd0f0044d4f97f11ebcbf0c480bc9e962935fd96275f120954afea65be8a", size = 588384, upload-time = "2026-04-22T03:14:57.439Z" },
]

[[package]]
name = "mlx-cpu"
version = "0.31.1"
source = { registry = "https://pypi.org/simple" }
wheels = [
    { url = "https://files.pythonhosted.org/packages/01/e3/2f832234ede13002ee84088772c3a73ee6efd9bcbd6d7a7b243e8cef7e3b/mlx_cpu-0.31.1-py3-none-manylinux_2_35_aarch64.whl", hash = "sha256:8c5a1366efa6be47bec573a31bb224127d0e11c07fe789c3a11a0fc50ad595e3", size = 8696444, upload-time = "2026-03-11T23:20:56.259Z" },
    { url = "https://files.pythonhosted.org/packages/a1/1a/c17fad043443085578312efd05656246333ee3719ee94b69be43ebc77b23/mlx_cpu-0.31.1-py3-none-manylinux_2_35_x86_64.whl", hash = "sha256:27578a396f08431dd2cc089e755ef58f77d16261d9e91bd0f230157bc1662911", size = 10279829, upload-time = "2026-03-11T23:20:58.536Z" },
]

[[package]]
name = "mlx-cuda-13"
version = "0.31.1"
source = { registry = "https://pypi.org/simple" }
dependencies = [
    { name = "nvidia-cublas", marker = "sys_platform == 'linux'" },
    { name = "nvidia-cuda-nvrtc", marker = "sys_platform == 'linux'" },
    { name = "nvidia-cudnn-cu13", marker = "sys_platform == 'linux'" },
    { name = "nvidia-nccl-cu13", marker = "sys_platform == 'linux'" },
]
wheels = [
    { url = "https://files.pythonhosted.org/packages/aa/25/aed9ea8e12545ca041db7ed3f72320e02d72ca15f8ca1b8a4829c77ff249/mlx_cuda_13-0.31.1-py3-none-manylinux_2_35_aarch64.whl", hash = "sha256:fcbc4ac3764b5bfac7814f7fd8ad6369d9b5d1279d0b3b3bc62878b572e8580a", size = 68100167, upload-time = "2026-03-12T00:25:59.321Z" },
    { url = "https://files.pythonhosted.org/packages/4c/ea/2afd41bf2edad64519f42ed8cb3de518ede7fed34723ac20fc99686ab1ef/mlx_cuda_13-0.31.1-py3-none-manylinux_2_35_x86_64.whl", hash = "sha256:21b71c3be67667ee966b603c5a7c77016c415af345477f05cb867b4f7e2d6060", size = 71020480, upload-time = "2026-03-12T00:26:03.873Z" },
]

[[package]]
name = "mlx-lattice"
version = "0.1.9"
source = { editable = "." }
dependencies = [
    { name = "mlx", version = "0.31.1", source = { registry = "https://pypi.org/simple" }, extra = ["cpu"], marker = "sys_platform == 'linux'" },
    { name = "mlx", version = "0.31.2", source = { registry = "https://pypi.org/simple" }, marker = "sys_platform == 'darwin'" },
]

[package.optional-dependencies]
cuda = [
    { name = "mlx", version = "0.31.1", source = { registry = "https://pypi.org/simple" }, extra = ["cuda13"], marker = "sys_platform == 'linux'" },
    { name = "mlx-lattice-cuda13", marker = "sys_platform == 'linux'" },
]
cuda13 = [
    { name = "mlx", version = "0.31.1", source = { registry = "https://pypi.org/simple" }, extra = ["cuda13"], marker = "sys_platform == 'linux'" },
    { name = "mlx-lattice-cuda13", marker = "sys_platform == 'linux'" },
]

[package.dev-dependencies]
cuda-build = [
    { name = "mlx", version = "0.31.1", source = { registry = "https://pypi.org/simple" }, extra = ["cuda13"], marker = "sys_platform == 'linux'" },
]
dev = [
    { name = "cmake" },
    { name = "nanobind" },
    { name = "ninja" },
    { name = "pytest" },
    { name = "ruff" },
    { name = "scikit-build-core" },
    { name = "ty" },
    { name = "wheel" },
]

[package.metadata]
requires-dist = [
    { name = "mlx", marker = "sys_platform == 'darwin'", specifier = ">=0.31" },
    { name = "mlx", extras = ["cpu"], marker = "sys_platform == 'linux'", specifier = ">=0.31" },
    { name = "mlx", extras = ["cuda13"], marker = "sys_platform == 'linux' and extra == 'cuda'", specifier = ">=0.31" },
    { name = "mlx", extras = ["cuda13"], marker = "sys_platform == 'linux' and extra == 'cuda13'", specifier = ">=0.31" },
    { name = "mlx-lattice-cuda13", marker = "sys_platform == 'linux' and extra == 'cuda'", editable = "packages/mlx_lattice_cuda13" },
    { name = "mlx-lattice-cuda13", marker = "sys_platform == 'linux' and extra == 'cuda13'", editable = "packages/mlx_lattice_cuda13" },
]
provides-extras = ["cuda", "cuda13"]

[package.metadata.requires-dev]
cuda-build = [{ name = "mlx", extras = ["cuda13"], marker = "sys_platform == 'linux'", specifier = ">=0.31" }]
dev = [
    { name = "cmake", specifier = ">=3.27" },
    { name = "nanobind", specifier = ">=2" },
    { name = "ninja", specifier = ">=1.11" },
    { name = "pytest", specifier = ">=8" },
    { name = "ruff", specifier = ">=0.15.15" },
    { name = "scikit-build-core", specifier = ">=0.12" },
    { name = "ty", specifier = ">=0.0.40" },
    { name = "wheel", specifier = ">=0.45" },
]

[[package]]
name = "mlx-lattice-cuda13"
source = { editable = "packages/mlx_lattice_cuda13" }
dependencies = [
    { name = "mlx", version = "0.31.1", source = { registry = "https://pypi.org/simple" }, extra = ["cuda13"], marker = "sys_platform == 'linux'" },
]

[package.metadata]
requires-dist = [{ name = "mlx", extras = ["cuda13"], marker = "sys_platform == 'linux'", specifier = ">=0.31" }]

[[package]]
name = "mlx-metal"
version = "0.31.2"
source = { registry = "https://pypi.org/simple" }
wheels = [
    { url = "https://files.pythonhosted.org/packages/3f/69/fe3b783ebe999f3118234e1e940feb622518bfb1dea6ac5d13b1d36a8449/mlx_metal-0.31.2-py3-none-macosx_14_0_arm64.whl", hash = "sha256:b25385bcee18fc194092255b8b53b9a3d8489eb650e59160f1b57aadd07aa2dc", size = 40055588, upload-time = "2026-04-22T03:14:14.43Z" },
    { url = "https://files.pythonhosted.org/packages/4f/5d/4c690d5b93c30ba002656c37363159d978705bf8eb801b8481840fb942c2/mlx_metal-0.31.2-py3-none-macosx_15_0_arm64.whl", hash = "sha256:e9d4e5fce6ca10a87a0e388597f99519ad594d09e674708b5312bd8bd4f5997d", size = 40053220, upload-time = "2026-04-22T03:14:18.048Z" },
    { url = "https://files.pythonhosted.org/packages/99/82/11fd62a8d7a3e96e5c43220b17de0151e3f10101f8bb3b865f5bd9cdd074/mlx_metal-0.31.2-py3-none-macosx_26_0_arm64.whl", hash = "sha256:84ffb60ee503f03eb684f5fb168d5cff31e2a16b7f27c1731eaf7662bd6e9b46", size = 55792151, upload-time = "2026-04-22T03:14:22.059Z" },
]

[[package]]
name = "nanobind"
version = "2.12.0"
source = { registry = "https://pypi.org/simple" }
sdist = { url = "https://files.pythonhosted.org/packages/c6/5c/3b69bc3933ad3c3668ba029ad410ba8ecfdc8ee7262ff1009f3304f3c562/nanobind-2.12.0.tar.gz", hash = "sha256:0ae77c1a88f27153fa57045ee00f7b0a7b06b1cd3df942e95a34b38c5d0a5bee", size = 1002704, upload-time = "2026-02-25T09:41:54.691Z" }
wheels = [
    { url = "https://files.pythonhosted.org/packages/5a/bf/1a54e3573736f3ad15fc599c5dde007937234652a1a7efd62573b4ce3a7e/nanobind-2.12.0-py3-none-any.whl", hash = "sha256:a10d3d88e691dcdf22696f9acd893fda3c5a05635763aea238829d274fcad480", size = 249512, upload-time = "2026-02-25T09:41:52.908Z" },
]

[[package]]
name = "ninja"
version = "1.13.0"
source = { registry = "https://pypi.org/simple" }
sdist = { url = "https://files.pythonhosted.org/packages/43/73/79a0b22fc731989c708068427579e840a6cf4e937fe7ae5c5d0b7356ac22/ninja-1.13.0.tar.gz", hash = "sha256:4a40ce995ded54d9dc24f8ea37ff3bf62ad192b547f6c7126e7e25045e76f978", size = 242558, upload-time = "2025-08-11T15:10:19.421Z" }
wheels = [
    { url = "https://files.pythonhosted.org/packages/3c/74/d02409ed2aa865e051b7edda22ad416a39d81a84980f544f8de717cab133/ninja-1.13.0-py3-none-macosx_10_9_universal2.whl", hash = "sha256:fa2a8bfc62e31b08f83127d1613d10821775a0eb334197154c4d6067b7068ff1", size = 310125, upload-time = "2025-08-11T15:09:50.971Z" },
    { url = "https://files.pythonhosted.org/packages/8e/de/6e1cd6b84b412ac1ef327b76f0641aeb5dcc01e9d3f9eee0286d0c34fd93/ninja-1.13.0-py3-none-manylinux2014_aarch64.manylinux_2_17_aarch64.whl", hash = "sha256:3d00c692fb717fd511abeb44b8c5d00340c36938c12d6538ba989fe764e79630", size = 177467, upload-time = "2025-08-11T15:09:52.767Z" },
    { url = "https://files.pythonhosted.org/packages/c8/83/49320fb6e58ae3c079381e333575fdbcf1cca3506ee160a2dcce775046fa/ninja-1.13.0-py3-none-manylinux2014_i686.manylinux_2_17_i686.whl", hash = "sha256:be7f478ff9f96a128b599a964fc60a6a87b9fa332ee1bd44fa243ac88d50291c", size = 187834, upload-time = "2025-08-11T15:09:54.115Z" },
    { url = "https://files.pythonhosted.org/packages/56/c7/ba22748fb59f7f896b609cd3e568d28a0a367a6d953c24c461fe04fc4433/ninja-1.13.0-py3-none-manylinux2014_ppc64le.manylinux_2_17_ppc64le.whl", hash = "sha256:60056592cf495e9a6a4bea3cd178903056ecb0943e4de45a2ea825edb6dc8d3e", size = 202736, upload-time = "2025-08-11T15:09:55.745Z" },
    { url = "https://files.pythonhosted.org/packages/79/22/d1de07632b78ac8e6b785f41fa9aad7a978ec8c0a1bf15772def36d77aac/ninja-1.13.0-py3-none-manylinux2014_s390x.manylinux_2_17_s390x.whl", hash = "sha256:1c97223cdda0417f414bf864cfb73b72d8777e57ebb279c5f6de368de0062988", size = 179034, upload-time = "2025-08-11T15:09:57.394Z" },
    { url = "https://files.pythonhosted.org/packages/ed/de/0e6edf44d6a04dabd0318a519125ed0415ce437ad5a1ec9b9be03d9048cf/ninja-1.13.0-py3-none-manylinux2014_x86_64.manylinux_2_17_x86_64.whl", hash = "sha256:fb46acf6b93b8dd0322adc3a4945452a4e774b75b91293bafcc7b7f8e6517dfa", size = 180716, upload-time = "2025-08-11T15:09:58.696Z" },
    { url = "https://files.pythonhosted.org/packages/54/28/938b562f9057aaa4d6bfbeaa05e81899a47aebb3ba6751e36c027a7f5ff7/ninja-1.13.0-py3-none-manylinux_2_28_armv7l.manylinux_2_31_armv7l.whl", hash = "sha256:4be9c1b082d244b1ad7ef41eb8ab088aae8c109a9f3f0b3e56a252d3e00f42c1", size = 146843, upload-time = "2025-08-11T15:10:00.046Z" },
    { url = "https://files.pythonhosted.org/packages/2a/fb/d06a3838de4f8ab866e44ee52a797b5491df823901c54943b2adb0389fbb/ninja-1.13.0-py3-none-manylinux_2_31_riscv64.whl", hash = "sha256:6739d3352073341ad284246f81339a384eec091d9851a886dfa5b00a6d48b3e2", size = 154402, upload-time = "2025-08-11T15:10:01.657Z" },
    { url = "https://files.pythonhosted.org/packages/31/bf/0d7808af695ceddc763cf251b84a9892cd7f51622dc8b4c89d5012779f06/ninja-1.13.0-py3-none-musllinux_1_2_aarch64.whl", hash = "sha256:11be2d22027bde06f14c343f01d31446747dbb51e72d00decca2eb99be911e2f", size = 552388, upload-time = "2025-08-11T15:10:03.349Z" },
    { url = "https://files.pythonhosted.org/packages/9d/70/c99d0c2c809f992752453cce312848abb3b1607e56d4cd1b6cded317351a/ninja-1.13.0-py3-none-musllinux_1_2_armv7l.whl", hash = "sha256:aa45b4037b313c2f698bc13306239b8b93b4680eb47e287773156ac9e9304714", size = 472501, upload-time = "2025-08-11T15:10:04.735Z" },
    { url = "https://files.pythonhosted.org/packages/9f/43/c217b1153f0e499652f5e0766da8523ce3480f0a951039c7af115e224d55/ninja-1.13.0-py3-none-musllinux_1_2_i686.whl", hash = "sha256:5f8e1e8a1a30835eeb51db05cf5a67151ad37542f5a4af2a438e9490915e5b72", size = 638280, upload-time = "2025-08-11T15:10:06.512Z" },
    { url = "https://files.pythonhosted.org/packages/8c/45/9151bba2c8d0ae2b6260f71696330590de5850e5574b7b5694dce6023e20/ninja-1.13.0-py3-none-musllinux_1_2_ppc64le.whl", hash = "sha256:3d7d7779d12cb20c6d054c61b702139fd23a7a964ec8f2c823f1ab1b084150db", size = 642420, upload-time = "2025-08-11T15:10:08.35Z" },
    { url = "https://files.pythonhosted.org/packages/3c/fb/95752eb635bb8ad27d101d71bef15bc63049de23f299e312878fc21cb2da/ninja-1.13.0-py3-none-musllinux_1_2_riscv64.whl", hash = "sha256:d741a5e6754e0bda767e3274a0f0deeef4807f1fec6c0d7921a0244018926ae5", size = 585106, upload-time = "2025-08-11T15:10:09.818Z" },
    { url = "https://files.pythonhosted.org/packages/c1/31/aa56a1a286703800c0cbe39fb4e82811c277772dc8cd084f442dd8e2938a/ninja-1.13.0-py3-none-musllinux_1_2_s390x.whl", hash = "sha256:e8bad11f8a00b64137e9b315b137d8bb6cbf3086fbdc43bf1f90fd33324d2e96", size = 707138, upload-time = "2025-08-11T15:10:11.366Z" },
    { url = "https://files.pythonhosted.org/packages/34/6f/5f5a54a1041af945130abdb2b8529cbef0cdcbbf9bcf3f4195378319d29a/ninja-1.13.0-py3-none-musllinux_1_2_x86_64.whl", hash = "sha256:b4f2a072db3c0f944c32793e91532d8948d20d9ab83da9c0c7c15b5768072200", size = 581758, upload-time = "2025-08-11T15:10:13.295Z" },
    { url = "https://files.pythonhosted.org/packages/95/97/51359c77527d45943fe7a94d00a3843b81162e6c4244b3579fe8fc54cb9c/ninja-1.13.0-py3-none-win32.whl", hash = "sha256:8cfbb80b4a53456ae8a39f90ae3d7a2129f45ea164f43fadfa15dc38c4aef1c9", size = 267201, upload-time = "2025-08-11T15:10:15.158Z" },
    { url = "https://files.pythonhosted.org/packages/29/45/c0adfbfb0b5895aa18cec400c535b4f7ff3e52536e0403602fc1a23f7de9/ninja-1.13.0-py3-none-win_amd64.whl", hash = "sha256:fb8ee8719f8af47fed145cced4a85f0755dd55d45b2bddaf7431fa89803c5f3e", size = 309975, upload-time = "2025-08-11T15:10:16.697Z" },
    { url = "https://files.pythonhosted.org/packages/df/93/a7b983643d1253bb223234b5b226e69de6cda02b76cdca7770f684b795f5/ninja-1.13.0-py3-none-win_arm64.whl", hash = "sha256:3c0b40b1f0bba764644385319028650087b4c1b18cdfa6f45cb39a3669b81aa9", size = 290806, upload-time = "2025-08-11T15:10:18.018Z" },
]

[[package]]
name = "nvidia-cublas"
version = "13.5.1.27"
source = { registry = "https://pypi.org/simple" }
dependencies = [
    { name = "nvidia-cuda-nvrtc", marker = "sys_platform == 'linux'" },
]
wheels = [
    { url = "https://files.pythonhosted.org/packages/9c/da/45f78bb61f93a467ccaccf2eafbf23483bdcb29d3c5d16f8cb918be1aea0/nvidia_cublas-13.5.1.27-py3-none-manylinux_2_27_aarch64.whl", hash = "sha256:bc355b10e35b01cf88e8dcc0fbe0fd1ef86a05fddae78a44dc133d7e63eaf973", size = 515580892, upload-time = "2026-05-26T16:43:17.967Z" },
    { url = "https://files.pythonhosted.org/packages/ce/0d/cc77458e8fb0634597e3994650c2853ee785f2fc61bf370bbb304021cca1/nvidia_cublas-13.5.1.27-py3-none-manylinux_2_27_x86_64.whl", hash = "sha256:db3a1f0c8bc24945a4d195ba199d83f27e650ffdfc0c32e6b8362c314f14d553", size = 407748877, upload-time = "2026-05-26T16:44:19.938Z" },
]

[[package]]
name = "nvidia-cuda-nvrtc"
version = "13.3.33"
source = { registry = "https://pypi.org/simple" }
wheels = [
    { url = "https://files.pythonhosted.org/packages/8b/2c/86916c8a34dcdb0c3ddd1c0e30545041bd781184e437b9cb76fcda70560b/nvidia_cuda_nvrtc-13.3.33-py3-none-manylinux2010_x86_64.manylinux_2_12_x86_64.whl", hash = "sha256:82530788b8c6164a54d3fd9ae8bcca8893d397c4aeb998861982a03bbe41e204", size = 51110910, upload-time = "2026-05-26T16:38:16.116Z" },
    { url = "https://files.pythonhosted.org/packages/e7/b6/60a3641111d39ebfcfcd8b8bfd0290d7623c4b8b5f90952c2d84776f8ca4/nvidia_cuda_nvrtc-13.3.33-py3-none-manylinux2014_aarch64.manylinux_2_17_aarch64.whl", hash = "sha256:7b05ecda494c6dabc44231a608b060a71008a730d9dfda932cc508e6d29159e0", size = 49260054, upload-time = "2026-05-26T16:37:51.177Z" },
]

[[package]]
name = "nvidia-cudnn-cu13"
version = "9.23.0.39"
source = { registry = "https://pypi.org/simple" }
dependencies = [
    { name = "nvidia-cublas", marker = "sys_platform == 'linux'" },
]
wheels = [
    { url = "https://files.pythonhosted.org/packages/16/97/28e700a5516223685d8759d9d7491078cc66b5a138c1b475a90287db0da9/nvidia_cudnn_cu13-9.23.0.39-py3-none-manylinux_2_27_aarch64.whl", hash = "sha256:e13f527eb070e2b6c32edaff625d92b29c9959e9076ab024e650090047e531a2", size = 616822001, upload-time = "2026-05-30T03:30:10.466Z" },
    { url = "https://files.pythonhosted.org/packages/a4/2d/768c92e1e6b165c2bc4b96e27653c1315790620731631c10359f270fd51b/nvidia_cudnn_cu13-9.23.0.39-py3-none-manylinux_2_27_x86_64.whl", hash = "sha256:877173104cb1bb5ed96b4f2faaecc29f91ae82c88c073a7991064557c0573475", size = 518482397, upload-time = "2026-05-30T03:32:06.758Z" },
]

[[package]]
name = "nvidia-nccl-cu13"
version = "2.30.4"
source = { registry = "https://pypi.org/simple" }
wheels = [
    { url = "https://files.pythonhosted.org/packages/65/32/ff4e28cbed87f99fed63df446ef1986e0617842258a3535eaa2ee92d6226/nvidia_nccl_cu13-2.30.4-py3-none-manylinux_2_18_aarch64.whl", hash = "sha256:e99308a3a89fba78918d50886e81072a6c8b0b4199feb02c3903e63713a6525a", size = 212898082, upload-time = "2026-04-23T03:22:28.608Z" },
    { url = "https://files.pythonhosted.org/packages/3e/93/6d020a69fc37e57fae8a96ab0c53102d96538db256e933e914d100e5a430/nvidia_nccl_cu13-2.30.4-py3-none-manylinux_2_18_x86_64.whl", hash = "sha256:534dbf3058cadb625f08ab0d17f1dffad3b961a2bfa360d66633fcf21be53f57", size = 212855427, upload-time = "2026-04-23T03:22:47.436Z" },
]

[[package]]
name = "packaging"
version = "26.2"
source = { registry = "https://pypi.org/simple" }
sdist = { url = "https://files.pythonhosted.org/packages/d7/f1/e7a6dd94a8d4a5626c03e4e99c87f241ba9e350cd9e6d75123f992427270/packaging-26.2.tar.gz", hash = "sha256:ff452ff5a3e828ce110190feff1178bb1f2ea2281fa2075aadb987c2fb221661", size = 228134, upload-time = "2026-04-24T20:15:23.917Z" }
wheels = [
    { url = "https://files.pythonhosted.org/packages/df/b2/87e62e8c3e2f4b32e5fe99e0b86d576da1312593b39f47d8ceef365e95ed/packaging-26.2-py3-none-any.whl", hash = "sha256:5fc45236b9446107ff2415ce77c807cee2862cb6fac22b8a73826d0693b0980e", size = 100195, upload-time = "2026-04-24T20:15:22.081Z" },
]

[[package]]
name = "pathspec"
version = "1.1.1"
source = { registry = "https://pypi.org/simple" }
sdist = { url = "https://files.pythonhosted.org/packages/5a/82/42f767fc1c1143d6fd36efb827202a2d997a375e160a71eb2888a925aac1/pathspec-1.1.1.tar.gz", hash = "sha256:17db5ecd524104a120e173814c90367a96a98d07c45b2e10c2f3919fff91bf5a", size = 135180, upload-time = "2026-04-27T01:46:08.907Z" }
wheels = [
    { url = "https://files.pythonhosted.org/packages/f1/d9/7fb5aa316bc299258e68c73ba3bddbc499654a07f151cba08f6153988714/pathspec-1.1.1-py3-none-any.whl", hash = "sha256:a00ce642f577bf7f473932318056212bc4f8bfdf53128c78bbd5af0b9b20b189", size = 57328, upload-time = "2026-04-27T01:46:07.06Z" },
]

[[package]]
name = "pluggy"
version = "1.6.0"
source = { registry = "https://pypi.org/simple" }
sdist = { url = "https://files.pythonhosted.org/packages/f9/e2/3e91f31a7d2b083fe6ef3fa267035b518369d9511ffab804f839851d2779/pluggy-1.6.0.tar.gz", hash = "sha256:7dcc130b76258d33b90f61b658791dede3486c3e6bfb003ee5c9bfb396dd22f3", size = 69412, upload-time = "2025-05-15T12:30:07.975Z" }
wheels = [
    { url = "https://files.pythonhosted.org/packages/54/20/4d324d65cc6d9205fabedc306948156824eb9f0ee1633355a8f7ec5c66bf/pluggy-1.6.0-py3-none-any.whl", hash = "sha256:e920276dd6813095e9377c0bc5566d94c932c33b27a3e3945d8389c374dd4746", size = 20538, upload-time = "2025-05-15T12:30:06.134Z" },
]

[[package]]
name = "pygments"
version = "2.20.0"
source = { registry = "https://pypi.org/simple" }
sdist = { url = "https://files.pythonhosted.org/packages/c3/b2/bc9c9196916376152d655522fdcebac55e66de6603a76a02bca1b6414f6c/pygments-2.20.0.tar.gz", hash = "sha256:6757cd03768053ff99f3039c1a36d6c0aa0b263438fcab17520b30a303a82b5f", size = 4955991, upload-time = "2026-03-29T13:29:33.898Z" }
wheels = [
    { url = "https://files.pythonhosted.org/packages/f4/7e/a72dd26f3b0f4f2bf1dd8923c85f7ceb43172af56d63c7383eb62b332364/pygments-2.20.0-py3-none-any.whl", hash = "sha256:81a9e26dd42fd28a23a2d169d86d7ac03b46e2f8b59ed4698fb4785f946d0176", size = 1231151, upload-time = "2026-03-29T13:29:30.038Z" },
]

[[package]]
name = "pytest"
version = "9.0.3"
source = { registry = "https://pypi.org/simple" }
dependencies = [
    { name = "colorama", marker = "sys_platform == 'win32'" },
    { name = "iniconfig" },
    { name = "packaging" },
    { name = "pluggy" },
    { name = "pygments" },
]
sdist = { url = "https://files.pythonhosted.org/packages/7d/0d/549bd94f1a0a402dc8cf64563a117c0f3765662e2e668477624baeec44d5/pytest-9.0.3.tar.gz", hash = "sha256:b86ada508af81d19edeb213c681b1d48246c1a91d304c6c81a427674c17eb91c", size = 1572165, upload-time = "2026-04-07T17:16:18.027Z" }
wheels = [
    { url = "https://files.pythonhosted.org/packages/d4/24/a372aaf5c9b7208e7112038812994107bc65a84cd00e0354a88c2c77a617/pytest-9.0.3-py3-none-any.whl", hash = "sha256:2c5efc453d45394fdd706ade797c0a81091eccd1d6e4bccfcd476e2b8e0ab5d9", size = 375249, upload-time = "2026-04-07T17:16:16.13Z" },
]

[[package]]
name = "ruff"
version = "0.15.15"
source = { registry = "https://pypi.org/simple" }
sdist = { url = "https://files.pythonhosted.org/packages/84/6f/a76f7d96e5c962f5b69cee865e49c15c1116897c01990faa8a57edb62e7f/ruff-0.15.15.tar.gz", hash = "sha256:b8dff018130b46d8e5bf0f926ef6b60cf871d6d5ae45fc9334e09632daa741d6", size = 4706985, upload-time = "2026-05-28T14:16:57.784Z" }
wheels = [
    { url = "https://files.pythonhosted.org/packages/fa/9d/3a45c05b8ab04b4705989de70a79008e27c8003296a0feaee9edc18dd7e9/ruff-0.15.15-py3-none-linux_armv6l.whl", hash = "sha256:cf93e5388f412e1b108b1f8b34a6e036b70fe8aff89393befad96fe48670311b", size = 10710652, upload-time = "2026-05-28T14:16:06.701Z" },
    { url = "https://files.pythonhosted.org/packages/05/66/da974431624bf3b49f6ee1f9543c02d929ff1cba78b0d5a79c38cf21f744/ruff-0.15.15-py3-none-macosx_10_12_x86_64.whl", hash = "sha256:ac5a646d1f6a7dadd5d50842dae2c1f9862ac887ef5d1b1375e02def791fde6e", size = 11096615, upload-time = "2026-05-28T14:16:23.313Z" },
    { url = "https://files.pythonhosted.org/packages/8c/09/7443452e5d290230a712103f2fdceeef7184f3ec99a2bd01c8be78aaceb5/ruff-0.15.15-py3-none-macosx_11_0_arm64.whl", hash = "sha256:77d955a431430c66f72dd94e379ad38a16daea3d25094872ac4edf9e797be530", size = 10436683, upload-time = "2026-05-28T14:16:40.974Z" },
    { url = "https://files.pythonhosted.org/packages/53/01/d330c26a57fa4f3943a14424904027428315b700fe4d14a84bb123a649e5/ruff-0.15.15-py3-none-manylinux_2_17_aarch64.manylinux2014_aarch64.whl", hash = "sha256:7614ee79c69788cf6cedd568069ade9cecc22a1ad20494efe8d0c9ebb4b622d4", size = 10769064, upload-time = "2026-05-28T14:16:28.905Z" },
    { url = "https://files.pythonhosted.org/packages/1d/85/cc8770f8bdff541b1da8392d1634141fe4a0e3f4ee596605959b7906c27f/ruff-0.15.15-py3-none-manylinux_2_17_armv7l.manylinux2014_armv7l.whl", hash = "sha256:3cdb1679e06a1f6b47bc384714ae96f6e2fb65ca441eb78c43d2ca554176ce1f", size = 10511987, upload-time = "2026-05-28T14:16:43.732Z" },
    { url = "https://files.pythonhosted.org/packages/7c/29/8c190c1472b63013583ba391f3342036e02010544c1270455ed8e519bdf3/ruff-0.15.15-py3-none-manylinux_2_17_i686.manylinux2014_i686.whl", hash = "sha256:2728b93d7b23a603ea2c0ac6eb73d760bd38ec9de35f35fb41e18f7a3fee7622", size = 11275100, upload-time = "2026-05-28T14:16:55.244Z" },
    { url = "https://files.pythonhosted.org/packages/9f/6b/7e145ce2cc8e63d6834eca03d83a0e18d121def5c69f91b4cf4011ed4879/ruff-0.15.15-py3-none-manylinux_2_17_ppc64le.manylinux2014_ppc64le.whl", hash = "sha256:be582fcc0db438902c7792b08d6ddf6c9b9e21addaa10092c2c741cfb09e5a45", size = 12176903, upload-time = "2026-05-28T14:16:14.368Z" },
    { url = "https://files.pythonhosted.org/packages/80/a3/d5974637f68e451f7fadf015cf3101d1cd7d8ba5027cffe0b9e3826ebe6b/ruff-0.15.15-py3-none-manylinux_2_17_s390x.manylinux2014_s390x.whl", hash = "sha256:7aa77465b8ecaf1a27bea098d696f7fed5e1eccbd10b321b682d6de586ae5627", size = 11404550, upload-time = "2026-05-28T14:16:20.138Z" },
    { url = "https://files.pythonhosted.org/packages/fe/1c/e6e5e568f22be4fb05d6244234aba384c06b451252453b821e1a529263cf/ruff-0.15.15-py3-none-manylinux_2_17_x86_64.manylinux2014_x86_64.whl", hash = "sha256:48decfa11d740de4889de623be1463308346312f2409a56e24aa280c86162dc4", size = 11382027, upload-time = "2026-05-28T14:16:46.615Z" },
    { url = "https://files.pythonhosted.org/packages/1d/01/170921b49fcd2e8858825593f91cf7146c3e40a5c3e6df763e4bb0484dde/ruff-0.15.15-py3-none-manylinux_2_31_riscv64.whl", hash = "sha256:a5015088452ca0081387063649ec67f06d3d1d6b8b936a1f836b5e9657ecd48c", size = 11366041, upload-time = "2026-05-28T14:16:26.247Z" },
    { url = "https://files.pythonhosted.org/packages/87/54/a7bad711d7de93254e15e06a4c375b89a03d18de45d3e5dcc86a4472fb1a/ruff-0.15.15-py3-none-musllinux_1_2_aarch64.whl", hash = "sha256:f5294aab6356c81600fcdea3a62bb1b924dfd5e91767c12318d3f68f86af57cd", size = 10741795, upload-time = "2026-05-28T14:16:17.11Z" },
    { url = "https://files.pythonhosted.org/packages/c9/31/38c075963668f8b41c6914ee0f6f318727fbe30ab9145cb29e6df464c5fa/ruff-0.15.15-py3-none-musllinux_1_2_armv7l.whl", hash = "sha256:db5bd4d802415cca656dc1616070b725952d6ae95eb5d4831e49fbd94a38f75f", size = 10511117, upload-time = "2026-05-28T14:16:31.767Z" },
    { url = "https://files.pythonhosted.org/packages/9d/96/6ff689e1f7e375d1d97075eca022f74c2bab59554a432fe4d2e6f091986a/ruff-0.15.15-py3-none-musllinux_1_2_i686.whl", hash = "sha256:587a6278ed42059191c1a466e490bd7930fb50bd2e255398bc29616c895a61cb", size = 10994867, upload-time = "2026-05-28T14:16:35.149Z" },
    { url = "https://files.pythonhosted.org/packages/c3/c2/5dce0ab9f92a8d534fa62b9bf9caca3eddb8c1a81b616f5e195ada4f0d6e/ruff-0.15.15-py3-none-musllinux_1_2_x86_64.whl", hash = "sha256:df0c1c084f5f4be9812f61518a45c440d3c30d69ce4bf6c5270e66d38338f02a", size = 11482101, upload-time = "2026-05-28T14:16:49.598Z" },
    { url = "https://files.pythonhosted.org/packages/b1/c0/1003b60edd697c649faf61f1a34094b1abb38fb3d1181e3f895781250a08/ruff-0.15.15-py3-none-win32.whl", hash = "sha256:29428ea79694afbe756d45fd59b36f22b6b020dc0443cf7de0173046236964b9", size = 10716774, upload-time = "2026-05-28T14:16:52.337Z" },
    { url = "https://files.pythonhosted.org/packages/02/a8/1269eddd6945a06c23f055ef7848886e37cf9d6a8bebb386a3115f01470c/ruff-0.15.15-py3-none-win_amd64.whl", hash = "sha256:8df0323902e15e24bc4bf246da830573d3cf3352bd0b9a164eab335d111ff4a4", size = 11868463, upload-time = "2026-05-28T14:16:11.333Z" },
    { url = "https://files.pythonhosted.org/packages/4e/b2/920464c907b191e37469d477a1aa8bc048b8f36c4c1610dfa4ab87b39e18/ruff-0.15.15-py3-none-win_arm64.whl", hash = "sha256:3c8ceca6792f38196b8f589bc92eccd03eef286602da92e5dc05cc42ef6441b7", size = 11138498, upload-time = "2026-05-28T14:16:38.425Z" },
]

[[package]]
name = "scikit-build-core"
version = "0.12.2"
source = { registry = "https://pypi.org/simple" }
dependencies = [
    { name = "packaging" },
    { name = "pathspec" },
]
sdist = { url = "https://files.pythonhosted.org/packages/28/cd/9ebb50029b6d8a3ee9e38cdce514ebd70190ec1edf28ab0a1f66d0b84670/scikit_build_core-0.12.2.tar.gz", hash = "sha256:562e0bbc9de1a354c87825ccf732080268d6582a0200f648e8c4a2dcb1e3736d", size = 303553, upload-time = "2026-03-05T18:25:57.666Z" }
wheels = [
    { url = "https://files.pythonhosted.org/packages/07/49/b2f0fbe3165d55c02e7f9eec6a10685d518af0ef6e919ff2f589c2d15c85/scikit_build_core-0.12.2-py3-none-any.whl", hash = "sha256:6ea4730da400f9a998ec3287bd3ebc1d751fe45ad0a93451bead8618adbc02b1", size = 192625, upload-time = "2026-03-05T18:25:56.207Z" },
]

[[package]]
name = "ty"
version = "0.0.40"
source = { registry = "https://pypi.org/simple" }
sdist = { url = "https://files.pythonhosted.org/packages/5a/f8/a754c96967b71de8723f88be17df8738216bd382ffed229cd500b7a24d13/ty-0.0.40.tar.gz", hash = "sha256:883b53dd98f6e5b33ab1c8e1a3cd94b0f29c762ef22cdf1e86aaffb4fd711c67", size = 5726484, upload-time = "2026-05-27T17:55:43.615Z" }
wheels = [
    { url = "https://files.pythonhosted.org/packages/2c/42/d029a72165ad39f95228b67355927fbd35c821dc8e3e475d49f47c2eeb1e/ty-0.0.40-py3-none-linux_armv6l.whl", hash = "sha256:9defb4742450e569a6a09de286a04008d6c2e815112da4362c88b6eaa2f52a36", size = 11406372, upload-time = "2026-05-27T17:55:49.633Z" },
    { url = "https://files.pythonhosted.org/packages/23/99/7f8ea09b7e49afbf795cb3341a3217f30f228db7e62a2268ed8cbbf813d6/ty-0.0.40-py3-none-macosx_10_12_x86_64.whl", hash = "sha256:868258a3330db88b683fcafe2c4e936d6226a6312799bf15b585d93557b2d38c", size = 11159782, upload-time = "2026-05-27T17:55:47.405Z" },
    { url = "https://files.pythonhosted.org/packages/04/d8/1ea745ee97a98b26ae9564d19a430a76a35297cd450e84dcaad22e1f7ee8/ty-0.0.40-py3-none-macosx_11_0_arm64.whl", hash = "sha256:589c81060cf1e7a9ffa2f45bfa35ffd9b9fbd214104e3f13959f113627efcd91", size = 10594139, upload-time = "2026-05-27T17:55:37.206Z" },
    { url = "https://files.pythonhosted.org/packages/39/1a/fbef21273c6617ff4715b4827ee1c0b6550aa7d1df4b8c43b325545c1cf4/ty-0.0.40-py3-none-manylinux_2_17_aarch64.manylinux2014_aarch64.whl", hash = "sha256:7b06108990cb338d941c315ae6e9ba2fff8f518bc15d3f33e5619ff6a6c9beab", size = 11114156, upload-time = "2026-05-27T17:55:56.11Z" },
    { url = "https://files.pythonhosted.org/packages/3c/f9/389fc4976d7ec016a7473cf1274bf9c4f491bb54c66649bd022bff9f2b6a/ty-0.0.40-py3-none-manylinux_2_17_armv7l.manylinux2014_armv7l.whl", hash = "sha256:3913ef37336bec4f96bd2512f8c3a543ca34c259b7170f7eb5adf75b3ed7f04c", size = 11189050, upload-time = "2026-05-27T17:55:54.099Z" },
    { url = "https://files.pythonhosted.org/packages/fa/a9/4ecabbf4bdda7df0d99d8d3892c6edac0efc8c4cae756a5109178a3d0e86/ty-0.0.40-py3-none-manylinux_2_17_i686.manylinux2014_i686.whl", hash = "sha256:8fd1486bd5fe48779a8aa857137f3642a0a9161f5cf57d4380f4a0ecea01c8f3", size = 11664266, upload-time = "2026-05-27T17:55:28.17Z" },
    { url = "https://files.pythonhosted.org/packages/45/02/0aa78730116507c265afb1d6d5961c583b49d4c2e368c4a49fd81bcae6dc/ty-0.0.40-py3-none-manylinux_2_17_ppc64le.manylinux2014_ppc64le.whl", hash = "sha256:1668364d5254a734329917ee66c2c5fdd5665389d41043f6fce0f22ddb32b749", size = 12187743, upload-time = "2026-05-27T17:56:04.337Z" },
    { url = "https://files.pythonhosted.org/packages/e6/68/ccabf2d173523598271a385c1d3f864dbda23e5ebdc67f5969b9e830ea05/ty-0.0.40-py3-none-manylinux_2_17_s390x.manylinux2014_s390x.whl", hash = "sha256:43f77a73edb91e5dfa2ab9af7c4cac64614f8cc121f38a8875f22e830d3aba6a", size = 11862999, upload-time = "2026-05-27T17:55:58.087Z" },
    { url = "https://files.pythonhosted.org/packages/03/8d/6d7ec22771bb23d534797cdb446eb644bccfe7a62b729bb99e7235a02fc3/ty-0.0.40-py3-none-manylinux_2_17_x86_64.manylinux2014_x86_64.whl", hash = "sha256:1274ce0212ecbfed01bda7c3659c46e8bd0068e32d00c46c790466a95274c3df", size = 11743896, upload-time = "2026-05-27T17:56:00.017Z" },
    { url = "https://files.pythonhosted.org/packages/cd/a4/f9fa076b010c91cb249b1fcc3476569b7b8462cb4b688da2d04c23a0622f/ty-0.0.40-py3-none-manylinux_2_31_riscv64.whl", hash = "sha256:5ee1261dbc363e5cc1a0c5bb0c8612c192bfe53491214df8bc85a540835685f9", size = 11883581, upload-time = "2026-05-27T17:56:02.319Z" },
    { url = "https://files.pythonhosted.org/packages/fd/0f/5b776a2328c756d574dd4d6afbd30fc24e1ab4b76935c7c3c23f27ebbcb9/ty-0.0.40-py3-none-musllinux_1_2_aarch64.whl", hash = "sha256:6220e2cd5cdc4683dd87fb150d195bbd9f1a021395e04cb08bd3c66ea6da6ef8", size = 11093946, upload-time = "2026-05-27T17:55:33.284Z" },
    { url = "https://files.pythonhosted.org/packages/64/c4/eb23154bae83ad7c2935e9e5916660fb3e31598a92ee232aebd79410480c/ty-0.0.40-py3-none-musllinux_1_2_armv7l.whl", hash = "sha256:46b9ed69d01d98ef046afac9983c68336f572605ea2a27b90fbe6f80bfc8d6b7", size = 11210737, upload-time = "2026-05-27T17:55:45.523Z" },
    { url = "https://files.pythonhosted.org/packages/ff/19/1fb2529703f708cacfd13a89f98613cae2907dfa941b26976467e6119803/ty-0.0.40-py3-none-musllinux_1_2_i686.whl", hash = "sha256:ddbca9fab4406260f141674ab5efcfe7b02bd468e6985e4cdde0a21626e69ffe", size = 11332563, upload-time = "2026-05-27T17:55:41.674Z" },
    { url = "https://files.pythonhosted.org/packages/87/69/b3f5a8ef26c31204e0391147b3adcdb0674eda3e7d99868478ef168a41c6/ty-0.0.40-py3-none-musllinux_1_2_x86_64.whl", hash = "sha256:b1fcc082a749e6dc11b68fe9aab0420238bbf2a2374c2c7aa3c22e8c1618b136", size = 11843216, upload-time = "2026-05-27T17:55:35.367Z" },
    { url = "https://files.pythonhosted.org/packages/ac/e8/20193069d32787f3e1a6ec8940aaa3759d3de8f48f9281bcc0c5cb0939da/ty-0.0.40-py3-none-win32.whl", hash = "sha256:75feb115b3587824c5bdf8f8305e9547b0d1e398e3077b0addc7a1988ea9bb50", size = 10670731, upload-time = "2026-05-27T17:55:31.316Z" },
    { url = "https://files.pythonhosted.org/packages/a3/f9/8b2aa4da61db81322d4a2f9db227afeb48110ca15ae31d380f64c64ceb63/ty-0.0.40-py3-none-win_amd64.whl", hash = "sha256:b0f905edaad788bd61f779a85801b60a267a25ed57fca05aaddd168d9d8896be", size = 11766211, upload-time = "2026-05-27T17:55:51.898Z" },
    { url = "https://files.pythonhosted.org/packages/04/87/369056ed46f1b235130ec0595393262f9cd2061ca3dab276d490980f9343/ty-0.0.40-py3-none-win_arm64.whl", hash = "sha256:07da2b09d9130e2c9a257d2a29beb53105835b0256ee5fdb288fe1aab83fee47", size = 11117369, upload-time = "2026-05-27T17:55:39.329Z" },
]

[[package]]
name = "wheel"
version = "0.47.0"
source = { registry = "https://pypi.org/simple" }
dependencies = [
    { name = "packaging" },
]
sdist = { url = "https://files.pythonhosted.org/packages/39/62/75f18a0f03b4219c456652c7780e4d749b929eb605c098ce3a5b6b6bc081/wheel-0.47.0.tar.gz", hash = "sha256:cc72bd1009ba0cf63922e28f94d9d83b920aa2bb28f798a31d0691b02fa3c9b3", size = 63854, upload-time = "2026-04-22T15:51:27.727Z" }
wheels = [
    { url = "https://files.pythonhosted.org/packages/87/1b/9e33c09813d65e248f7f773119148a612516a4bea93e9c6f545f78455b7c/wheel-0.47.0-py3-none-any.whl", hash = "sha256:212281cab4dff978f6cedd499cd893e1f620791ca6ff7107cf270781e587eced", size = 32218, upload-time = "2026-04-22T15:51:26.296Z" },
]
